
Microsoft Visual Studio Solution File, Format Version 12.00
# Visual Studio Version 17
VisualStudioVersion = 17.3.32825.248
MinimumVisualStudioVersion = 10.0.40219.1
Project("{FAE04EC0-301F-11D3-BF4B-00C04F79EFBC}") = "FilmesAPI", "FilmesAPI\FilmesAPI.csproj", "{786B8D2B-025F-44E0-8950-176B698B0C55}"
EndProject
Global
	GlobalSection(SolutionConfigurationPlatforms) = preSolution
		Debug|Any CPU = Debug|Any CPU
		Release|Any CPU = Release|Any CPU
	EndGlobalSection
	GlobalSection(ProjectConfigurationPlatforms) = postSolution
		{786B8D2B-025F-44E0-8950-176B698B0C55}.Debug|Any CPU.ActiveCfg = Debug|Any CPU
		{786B8D2B-025F-44E0-8950-176B698B0C55}.Debug|Any CPU.Build.0 = Debug|Any CPU
		{786B8D2B-025F-44E0-8950-176B698B0C55}.Release|Any CPU.ActiveCfg = Release|Any CPU
		{786B8D2B-025F-44E0-8950-176B698B0C55}.Release|Any CPU.Build.0 = Release|Any CPU
	EndGlobalSection
	GlobalSection(SolutionProperties) = preSolution
		HideSolutionNode = FALSE
	EndGlobalSection
	GlobalSection(ExtensibilityGlobals) = postSolution
		SolutionGuid = {46C9119D-3810-4D84-9396-2A350449FDE6}
	EndGlobalSection
EndGlobal
